
Microsoft Visual Studio Solution File, Format Version 12.00
# Visual Studio Version 17
VisualStudioVersion = 17.5.002.0
MinimumVisualStudioVersion = 10.0.40219.1
Project("{9A19103F-16F7-4668-BE54-9A1E7A4F7556}") = "tdd-example.csharp", "tdd-example.csharp.csproj", "{600B2A8B-8AF4-4639-AA5A-EA363C13F2FB}"
EndProject
Global
	GlobalSection(SolutionConfigurationPlatforms) = preSolution
		Debug|Any CPU = Debug|Any CPU
		Release|Any CPU = Release|Any CPU
	EndGlobalSection
	GlobalSection(ProjectConfigurationPlatforms) = postSolution
		{600B2A8B-8AF4-4639-AA5A-EA363C13F2FB}.Debug|Any CPU.ActiveCfg = Debug|Any CPU
		{600B2A8B-8AF4-4639-AA5A-EA363C13F2FB}.Debug|Any CPU.Build.0 = Debug|Any CPU
		{600B2A8B-8AF4-4639-AA5A-EA363C13F2FB}.Release|Any CPU.ActiveCfg = Release|Any CPU
		{600B2A8B-8AF4-4639-AA5A-EA363C13F2FB}.Release|Any CPU.Build.0 = Release|Any CPU
	EndGlobalSection
	GlobalSection(SolutionProperties) = preSolution
		HideSolutionNode = FALSE
	EndGlobalSection
	GlobalSection(ExtensibilityGlobals) = postSolution
		SolutionGuid = {F832C383-02B9-4620-882D-A49593B7D86A}
	EndGlobalSection
EndGlobal
